<Solution>
  <Folder Name="/Solution Items/">
    <File Path="../certs/oauth-demo.crt" />
    <File Path="../certs/oauth-demo.key" />
    <File Path="../certs/oauth-demo.pfx" />
    <File Path="../certs/README.md" />
  </Folder>
  <Project Path="../OAuthApi/OAuthApi.csproj" />
  <Project Path="OAuthClient.csproj" />
</Solution>
